{
  "name": "contract-tests",
  "version": "1.0.0",
  "lockfileVersion": 1,
  "requires": true,
  "dependencies": {
    "asciidoctor-reveal.js": {
      "version": "1.1.3",
      "resolved": "https://registry.npmjs.org/asciidoctor-reveal.js/-/asciidoctor-reveal.js-1.1.3.tgz",
      "integrity": "sha512-KewizWjDna22tWTp+eB6Hf9ssMUWlOuSyNBY75IG0fnERp86e9jV++ry/kTlypzXQCciQNTJswwHp6FNEQJvbQ==",
      "requires": {
        "asciidoctor.js": "1.5.6-preview.4",
        "reveal.js": "3.6.0"
      },
      "dependencies": {
        "asciidoctor.js": {
          "version": "1.5.6-preview.4",
          "resolved": "https://registry.npmjs.org/asciidoctor.js/-/asciidoctor.js-1.5.6-preview.4.tgz",
          "integrity": "sha512-UucbsMLe3a2sRdNJ25IkzSDm0z0km67D2hRcD7+EHokrD8J+ThJpRdSH/7CE+4GmQ7p+1ajnMFmLsmkr3GIfUQ==",
          "requires": {
            "opal-runtime": "0.11.0-integration8"
          }
        }
      }
    },
    "asciidoctor.js": {
      "version": "1.5.6-rc.1",
      "resolved": "https://registry.npmjs.org/asciidoctor.js/-/asciidoctor.js-1.5.6-rc.1.tgz",
      "integrity": "sha512-PivEzkcEaoA3h3Q4hQ65UGre7zE+5PM0pC2Q2d/Cr/67dyiIr3Lv7Mwy9pLGMJLx6wo4IVvyK1P7cCzD9RQ6Ug==",
      "requires": {
        "opal-runtime": "1.0.2"
      },
      "dependencies": {
        "opal-runtime": {
          "version": "1.0.2",
          "resolved": "https://registry.npmjs.org/opal-runtime/-/opal-runtime-1.0.2.tgz",
          "integrity": "sha512-gJiuaA4sWIIUXBzMMD0uxoN2rTkRDaQA2i1wanr5beFm+Nks7wE+C7w3N6NyKe7BatZbB9/9SMBV+DD/38iMPg==",
          "requires": {
            "glob": "6.0.4",
            "xmlhttprequest": "1.8.0"
          }
        }
      }
    },
    "balanced-match": {
      "version": "1.0.0",
      "resolved": "https://registry.npmjs.org/balanced-match/-/balanced-match-1.0.0.tgz",
      "integrity": "sha1-ibTRmasr7kneFk6gK4nORi1xt2c="
    },
    "brace-expansion": {
      "version": "1.1.11",
      "resolved": "https://registry.npmjs.org/brace-expansion/-/brace-expansion-1.1.11.tgz",
      "integrity": "sha512-iCuPHDFgrHX7H2vEI/5xpz07zSHB00TpugqhmYtVmMO6518mCuRMoOYFldEBl0g187ufozdaHgWKcYFb61qGiA==",
      "requires": {
        "balanced-match": "^1.0.0",
        "concat-map": "0.0.1"
      }
    },
    "concat-map": {
      "version": "0.0.1",
      "resolved": "https://registry.npmjs.org/concat-map/-/concat-map-0.0.1.tgz",
      "integrity": "sha1-2Klr13/Wjfd5OnMDajug1UBdR3s="
    },
    "fs-extra": {
      "version": "7.0.1",
      "resolved": "https://registry.npmjs.org/fs-extra/-/fs-extra-7.0.1.tgz",
      "integrity": "sha512-YJDaCJZEnBmcbw13fvdAM9AwNOJwOzrE4pqMqBq5nFiEqXUqHwlK4B+3pUw6JNvfSPtX05xFHtYy/1ni01eGCw==",
      "requires": {
        "graceful-fs": "^4.1.2",
        "jsonfile": "^4.0.0",
        "universalify": "^0.1.0"
      }
    },
    "glob": {
      "version": "6.0.4",
      "resolved": "https://registry.npmjs.org/glob/-/glob-6.0.4.tgz",
      "integrity": "sha1-DwiGD2oVUSey+t1PnOJLGqtuTSI=",
      "requires": {
        "inflight": "^1.0.4",
        "inherits": "2",
        "minimatch": "2 || 3",
        "once": "^1.3.0",
        "path-is-absolute": "^1.0.0"
      }
    },
    "graceful-fs": {
      "version": "4.1.15",
      "resolved": "https://registry.npmjs.org/graceful-fs/-/graceful-fs-4.1.15.tgz",
      "integrity": "sha512-6uHUhOPEBgQ24HM+r6b/QwWfZq+yiFcipKFrOFiBEnWdy5sdzYoi+pJeQaPI5qOLRFqWmAXUPQNsielzdLoecA=="
    },
    "inflight": {
      "version": "1.0.6",
      "resolved": "https://registry.npmjs.org/inflight/-/inflight-1.0.6.tgz",
      "integrity": "sha1-Sb1jMdfQLQwJvJEKEHW6gWW1bfk=",
      "requires": {
        "once": "^1.3.0",
        "wrappy": "1"
      }
    },
    "inherits": {
      "version": "2.0.3",
      "resolved": "https://registry.npmjs.org/inherits/-/inherits-2.0.3.tgz",
      "integrity": "sha1-Yzwsg+PaQqUC9SRmAiSA9CCCYd4="
    },
    "jsonfile": {
      "version": "4.0.0",
      "resolved": "https://registry.npmjs.org/jsonfile/-/jsonfile-4.0.0.tgz",
      "integrity": "sha1-h3Gq4HmbZAdrdmQPygWPnBDjPss=",
      "requires": {
        "graceful-fs": "^4.1.6"
      }
    },
    "minimatch": {
      "version": "3.0.4",
      "resolved": "https://registry.npmjs.org/minimatch/-/minimatch-3.0.4.tgz",
      "integrity": "sha512-yJHVQEhyqPLUTgt9B83PXu6W3rx4MvvHvSUvToogpwoGDOUQ+yDrR0HRot+yOCdCO7u4hX3pWft6kWBBcqh0UA==",
      "requires": {
        "brace-expansion": "^1.1.7"
      }
    },
    "once": {
      "version": "1.4.0",
      "resolved": "https://registry.npmjs.org/once/-/once-1.4.0.tgz",
      "integrity": "sha1-WDsap3WWHUsROsF9nFC6753Xa9E=",
      "requires": {
        "wrappy": "1"
      }
    },
    "opal-runtime": {
      "version": "0.11.0-integration8",
      "resolved": "https://registry.npmjs.org/opal-runtime/-/opal-runtime-0.11.0-integration8.tgz",
      "integrity": "sha1-hELdyMZiecbNAEv3pzCnhkYgLbI=",
      "requires": {
        "glob": "6.0.4"
      }
    },
    "opener": {
      "version": "1.5.1",
      "resolved": "https://registry.npmjs.org/opener/-/opener-1.5.1.tgz",
      "integrity": "sha512-goYSy5c2UXE4Ra1xixabeVh1guIX/ZV/YokJksb6q2lubWu6UbvPQ20p542/sFIll1nl8JnCyK9oBaOcCWXwvA==",
      "dev": true
    },
    "path-is-absolute": {
      "version": "1.0.1",
      "resolved": "https://registry.npmjs.org/path-is-absolute/-/path-is-absolute-1.0.1.tgz",
      "integrity": "sha1-F0uSaHNVNP+8es5r9TpanhtcX18="
    },
    "reveal.js": {
      "version": "3.6.0",
      "resolved": "https://registry.npmjs.org/reveal.js/-/reveal.js-3.6.0.tgz",
      "integrity": "sha512-ZhXBWoDiaNySAJgs3XqmkHTmjR3Dkkhyy89VY8PLzXBDwNhP7ZEGtBT1H3xJRCEGOD4ScLJBbU75PRiPLQgWgw=="
    },
    "universalify": {
      "version": "0.1.2",
      "resolved": "https://registry.npmjs.org/universalify/-/universalify-0.1.2.tgz",
      "integrity": "sha512-rBJeI5CXAlmy1pV+617WB9J63U6XcazHHF2f2dbJix4XzpUF0RS3Zbj0FGIOCAva5P/d/GBOYaACQ1w+0azUkg=="
    },
    "wrappy": {
      "version": "1.0.2",
      "resolved": "https://registry.npmjs.org/wrappy/-/wrappy-1.0.2.tgz",
      "integrity": "sha1-tSQ9jz7BqjXxNkYFvA0QNuMKtp8="
    },
    "xmlhttprequest": {
      "version": "1.8.0",
      "resolved": "https://registry.npmjs.org/xmlhttprequest/-/xmlhttprequest-1.8.0.tgz",
      "integrity": "sha1-Z/4HXFwk/vOfnWX197f+dRcZaPw="
    }
  }
}
