# THIS IS AN AUTOGENERATED FILE. DO NOT EDIT THIS FILE DIRECTLY.
# yarn lockfile v1


asciidoctor-reveal.js@1.1.3:
  version "1.1.3"
  resolved "https://registry.yarnpkg.com/asciidoctor-reveal.js/-/asciidoctor-reveal.js-1.1.3.tgz#e285ca7e28fab3523d41c2602bf0ec804f6db87e"
  integrity sha512-KewizWjDna22tWTp+eB6Hf9ssMUWlOuSyNBY75IG0fnERp86e9jV++ry/kTlypzXQCciQNTJswwHp6FNEQJvbQ==
  dependencies:
    asciidoctor.js "1.5.6-preview.4"
    reveal.js "3.6.0"

asciidoctor.js@1.5.6-preview.4:
  version "1.5.6-preview.4"
  resolved "https://registry.yarnpkg.com/asciidoctor.js/-/asciidoctor.js-1.5.6-preview.4.tgz#cf9c36223b0210927489eaba61eec929ab3bc5a0"
  integrity sha512-UucbsMLe3a2sRdNJ25IkzSDm0z0km67D2hRcD7+EHokrD8J+ThJpRdSH/7CE+4GmQ7p+1ajnMFmLsmkr3GIfUQ==
  dependencies:
    opal-runtime "0.11.0-integration8"

asciidoctor.js@1.5.6-rc.1:
  version "1.5.6-rc.1"
  resolved "https://registry.yarnpkg.com/asciidoctor.js/-/asciidoctor.js-1.5.6-rc.1.tgz#8bdd07d817817e626bc3e2e09aa35500bfce4b3d"
  integrity sha512-PivEzkcEaoA3h3Q4hQ65UGre7zE+5PM0pC2Q2d/Cr/67dyiIr3Lv7Mwy9pLGMJLx6wo4IVvyK1P7cCzD9RQ6Ug==
  dependencies:
    opal-runtime "1.0.2"

balanced-match@^1.0.0:
  version "1.0.0"
  resolved "https://registry.yarnpkg.com/balanced-match/-/balanced-match-1.0.0.tgz#89b4d199ab2bee49de164ea02b89ce462d71b767"
  integrity sha1-ibTRmasr7kneFk6gK4nORi1xt2c=

brace-expansion@^1.1.7:
  version "1.1.11"
  resolved "https://registry.yarnpkg.com/brace-expansion/-/brace-expansion-1.1.11.tgz#3c7fcbf529d87226f3d2f52b966ff5271eb441dd"
  integrity sha512-iCuPHDFgrHX7H2vEI/5xpz07zSHB00TpugqhmYtVmMO6518mCuRMoOYFldEBl0g187ufozdaHgWKcYFb61qGiA==
  dependencies:
    balanced-match "^1.0.0"
    concat-map "0.0.1"

concat-map@0.0.1:
  version "0.0.1"
  resolved "https://registry.yarnpkg.com/concat-map/-/concat-map-0.0.1.tgz#d8a96bd77fd68df7793a73036a3ba0d5405d477b"
  integrity sha1-2Klr13/Wjfd5OnMDajug1UBdR3s=

fs-extra@7.0.1:
  version "7.0.1"
  resolved "https://registry.yarnpkg.com/fs-extra/-/fs-extra-7.0.1.tgz#4f189c44aa123b895f722804f55ea23eadc348e9"
  integrity sha512-YJDaCJZEnBmcbw13fvdAM9AwNOJwOzrE4pqMqBq5nFiEqXUqHwlK4B+3pUw6JNvfSPtX05xFHtYy/1ni01eGCw==
  dependencies:
    graceful-fs "^4.1.2"
    jsonfile "^4.0.0"
    universalify "^0.1.0"

glob@6.0.4:
  version "6.0.4"
  resolved "https://registry.yarnpkg.com/glob/-/glob-6.0.4.tgz#0f08860f6a155127b2fadd4f9ce24b1aab6e4d22"
  integrity sha1-DwiGD2oVUSey+t1PnOJLGqtuTSI=
  dependencies:
    inflight "^1.0.4"
    inherits "2"
    minimatch "2 || 3"
    once "^1.3.0"
    path-is-absolute "^1.0.0"

graceful-fs@^4.1.2, graceful-fs@^4.1.6:
  version "4.1.15"
  resolved "https://registry.yarnpkg.com/graceful-fs/-/graceful-fs-4.1.15.tgz#ffb703e1066e8a0eeaa4c8b80ba9253eeefbfb00"
  integrity sha512-6uHUhOPEBgQ24HM+r6b/QwWfZq+yiFcipKFrOFiBEnWdy5sdzYoi+pJeQaPI5qOLRFqWmAXUPQNsielzdLoecA==

inflight@^1.0.4:
  version "1.0.6"
  resolved "https://registry.yarnpkg.com/inflight/-/inflight-1.0.6.tgz#49bd6331d7d02d0c09bc910a1075ba8165b56df9"
  integrity sha1-Sb1jMdfQLQwJvJEKEHW6gWW1bfk=
  dependencies:
    once "^1.3.0"
    wrappy "1"

inherits@2:
  version "2.0.3"
  resolved "https://registry.yarnpkg.com/inherits/-/inherits-2.0.3.tgz#633c2c83e3da42a502f52466022480f4208261de"
  integrity sha1-Yzwsg+PaQqUC9SRmAiSA9CCCYd4=

jsonfile@^4.0.0:
  version "4.0.0"
  resolved "https://registry.yarnpkg.com/jsonfile/-/jsonfile-4.0.0.tgz#8771aae0799b64076b76640fca058f9c10e33ecb"
  integrity sha1-h3Gq4HmbZAdrdmQPygWPnBDjPss=
  optionalDependencies:
    graceful-fs "^4.1.6"

"minimatch@2 || 3":
  version "3.0.4"
  resolved "https://registry.yarnpkg.com/minimatch/-/minimatch-3.0.4.tgz#5166e286457f03306064be5497e8dbb0c3d32083"
  integrity sha512-yJHVQEhyqPLUTgt9B83PXu6W3rx4MvvHvSUvToogpwoGDOUQ+yDrR0HRot+yOCdCO7u4hX3pWft6kWBBcqh0UA==
  dependencies:
    brace-expansion "^1.1.7"

once@^1.3.0:
  version "1.4.0"
  resolved "https://registry.yarnpkg.com/once/-/once-1.4.0.tgz#583b1aa775961d4b113ac17d9c50baef9dd76bd1"
  integrity sha1-WDsap3WWHUsROsF9nFC6753Xa9E=
  dependencies:
    wrappy "1"

opal-runtime@0.11.0-integration8:
  version "0.11.0-integration8"
  resolved "https://registry.yarnpkg.com/opal-runtime/-/opal-runtime-0.11.0-integration8.tgz#8442ddc8c66279c6cd004bf7a730a78646202db2"
  integrity sha1-hELdyMZiecbNAEv3pzCnhkYgLbI=
  dependencies:
    glob "6.0.4"

opal-runtime@1.0.2:
  version "1.0.2"
  resolved "https://registry.yarnpkg.com/opal-runtime/-/opal-runtime-1.0.2.tgz#dae7669f23943b3f3fbba77b718a7e4977f4af73"
  integrity sha512-gJiuaA4sWIIUXBzMMD0uxoN2rTkRDaQA2i1wanr5beFm+Nks7wE+C7w3N6NyKe7BatZbB9/9SMBV+DD/38iMPg==
  dependencies:
    glob "6.0.4"
    xmlhttprequest "1.8.0"

opener@1.5.1:
  version "1.5.1"
  resolved "https://registry.yarnpkg.com/opener/-/opener-1.5.1.tgz#6d2f0e77f1a0af0032aca716c2c1fbb8e7e8abed"
  integrity sha512-goYSy5c2UXE4Ra1xixabeVh1guIX/ZV/YokJksb6q2lubWu6UbvPQ20p542/sFIll1nl8JnCyK9oBaOcCWXwvA==

path-is-absolute@^1.0.0:
  version "1.0.1"
  resolved "https://registry.yarnpkg.com/path-is-absolute/-/path-is-absolute-1.0.1.tgz#174b9268735534ffbc7ace6bf53a5a9e1b5c5f5f"
  integrity sha1-F0uSaHNVNP+8es5r9TpanhtcX18=

reveal.js@3.6.0:
  version "3.6.0"
  resolved "https://registry.yarnpkg.com/reveal.js/-/reveal.js-3.6.0.tgz#ce0e64f30cbebd6e5ce885c2f384085c5e5821e8"
  integrity sha512-ZhXBWoDiaNySAJgs3XqmkHTmjR3Dkkhyy89VY8PLzXBDwNhP7ZEGtBT1H3xJRCEGOD4ScLJBbU75PRiPLQgWgw==

universalify@^0.1.0:
  version "0.1.2"
  resolved "https://registry.yarnpkg.com/universalify/-/universalify-0.1.2.tgz#b646f69be3942dabcecc9d6639c80dc105efaa66"
  integrity sha512-rBJeI5CXAlmy1pV+617WB9J63U6XcazHHF2f2dbJix4XzpUF0RS3Zbj0FGIOCAva5P/d/GBOYaACQ1w+0azUkg==

wrappy@1:
  version "1.0.2"
  resolved "https://registry.yarnpkg.com/wrappy/-/wrappy-1.0.2.tgz#b5243d8f3ec1aa35f1364605bc0d1036e30ab69f"
  integrity sha1-tSQ9jz7BqjXxNkYFvA0QNuMKtp8=

xmlhttprequest@1.8.0:
  version "1.8.0"
  resolved "https://registry.yarnpkg.com/xmlhttprequest/-/xmlhttprequest-1.8.0.tgz#67fe075c5c24fef39f9d65f5f7b7fe75171968fc"
  integrity sha1-Z/4HXFwk/vOfnWX197f+dRcZaPw=
